
Microsoft Visual Studio Solution File, Format Version 12.00
# Visual Studio 2012
Project("{FAE04EC0-301F-11D3-BF4B-00C04F79EFBC}") = "BestLength", "DynamicProgramming\BestLength.csproj", "{741F95C9-02E9-45C0-ADAB-194262432EB6}"
EndProject
Project("{FAE04EC0-301F-11D3-BF4B-00C04F79EFBC}") = "1.Knapsack", "Knapsack\1.Knapsack.csproj", "{C37A8737-5C0A-44DD-9ED9-02DFD792B20F}"
EndProject
Project("{FAE04EC0-301F-11D3-BF4B-00C04F79EFBC}") = "2.Levenstein", "Levenstein\2.Levenstein.csproj", "{B2D75EB5-4346-4E16-A504-AE511633B5D2}"
EndProject
Global
	GlobalSection(SolutionConfigurationPlatforms) = preSolution
		Debug|Any CPU = Debug|Any CPU
		Release|Any CPU = Release|Any CPU
	EndGlobalSection
	GlobalSection(ProjectConfigurationPlatforms) = postSolution
		{741F95C9-02E9-45C0-ADAB-194262432EB6}.Debug|Any CPU.ActiveCfg = Debug|Any CPU
		{741F95C9-02E9-45C0-ADAB-194262432EB6}.Debug|Any CPU.Build.0 = Debug|Any CPU
		{741F95C9-02E9-45C0-ADAB-194262432EB6}.Release|Any CPU.ActiveCfg = Release|Any CPU
		{741F95C9-02E9-45C0-ADAB-194262432EB6}.Release|Any CPU.Build.0 = Release|Any CPU
		{C37A8737-5C0A-44DD-9ED9-02DFD792B20F}.Debug|Any CPU.ActiveCfg = Debug|Any CPU
		{C37A8737-5C0A-44DD-9ED9-02DFD792B20F}.Debug|Any CPU.Build.0 = Debug|Any CPU
		{C37A8737-5C0A-44DD-9ED9-02DFD792B20F}.Release|Any CPU.ActiveCfg = Release|Any CPU
		{C37A8737-5C0A-44DD-9ED9-02DFD792B20F}.Release|Any CPU.Build.0 = Release|Any CPU
		{B2D75EB5-4346-4E16-A504-AE511633B5D2}.Debug|Any CPU.ActiveCfg = Debug|Any CPU
		{B2D75EB5-4346-4E16-A504-AE511633B5D2}.Debug|Any CPU.Build.0 = Debug|Any CPU
		{B2D75EB5-4346-4E16-A504-AE511633B5D2}.Release|Any CPU.ActiveCfg = Release|Any CPU
		{B2D75EB5-4346-4E16-A504-AE511633B5D2}.Release|Any CPU.Build.0 = Release|Any CPU
	EndGlobalSection
	GlobalSection(SolutionProperties) = preSolution
		HideSolutionNode = FALSE
	EndGlobalSection
EndGlobal
